
Microsoft Visual Studio Solution File, Format Version 12.00
# Visual Studio Version 17
VisualStudioVersion = 17.11.35303.130
MinimumVisualStudioVersion = 10.0.40219.1
Project("{FAE04EC0-301F-11D3-BF4B-00C04F79EFBC}") = "lib_entidades", "lib_entidades\lib_entidades.csproj", "{B29D46F7-1736-4FFF-A7DF-363628277064}"
EndProject
Global
	GlobalSection(SolutionConfigurationPlatforms) = preSolution
		Debug|Any CPU = Debug|Any CPU
		Release|Any CPU = Release|Any CPU
	EndGlobalSection
	GlobalSection(ProjectConfigurationPlatforms) = postSolution
		{B29D46F7-1736-4FFF-A7DF-363628277064}.Debug|Any CPU.ActiveCfg = Debug|Any CPU
		{B29D46F7-1736-4FFF-A7DF-363628277064}.Debug|Any CPU.Build.0 = Debug|Any CPU
		{B29D46F7-1736-4FFF-A7DF-363628277064}.Release|Any CPU.ActiveCfg = Release|Any CPU
		{B29D46F7-1736-4FFF-A7DF-363628277064}.Release|Any CPU.Build.0 = Release|Any CPU
	EndGlobalSection
	GlobalSection(SolutionProperties) = preSolution
		HideSolutionNode = FALSE
	EndGlobalSection
	GlobalSection(ExtensibilityGlobals) = postSolution
		SolutionGuid = {33685C65-0719-43FF-B547-B743EA0E75A8}
	EndGlobalSection
EndGlobal
